Microsoft Visual Studio Solution File, Format Version 12.00
# Visual Studio 15
VisualStudioVersion = 15.0.27004.2008
MinimumVisualStudioVersion = 15.0.26124.0
Project("{9A19103F-16F7-4668-BE54-9A1E7A4F7556}") = "abstractplay", "abstractplay\abstractplay.csproj", "{E1FF741F-CBC8-4D03-B932-9FF2FF81D125}"
EndProject
Project("{9A19103F-16F7-4668-BE54-9A1E7A4F7556}") = "abstractplay.Tests", "abstractplay.Tests\abstractplay.Tests.csproj", "{553FF36C-3900-41BB-AD9F-19DFFBE1FB32}"
EndProject
Global
	GlobalSection(SolutionConfigurationPlatforms) = preSolution
		Debug|Any CPU = Debug|Any CPU
		Debug|x64 = Debug|x64
		Debug|x86 = Debug|x86
		Release|Any CPU = Release|Any CPU
		Release|x64 = Release|x64
		Release|x86 = Release|x86
	EndGlobalSection
	GlobalSection(ProjectConfigurationPlatforms) = postSolution
		{E1FF741F-CBC8-4D03-B932-9FF2FF81D125}.Debug|Any CPU.ActiveCfg = Debug|Any CPU
		{E1FF741F-CBC8-4D03-B932-9FF2FF81D125}.Debug|Any CPU.Build.0 = Debug|Any CPU
		{E1FF741F-CBC8-4D03-B932-9FF2FF81D125}.Debug|x64.ActiveCfg = Debug|Any CPU
		{E1FF741F-CBC8-4D03-B932-9FF2FF81D125}.Debug|x64.Build.0 = Debug|Any CPU
		{E1FF741F-CBC8-4D03-B932-9FF2FF81D125}.Debug|x86.ActiveCfg = Debug|Any CPU
		{E1FF741F-CBC8-4D03-B932-9FF2FF81D125}.Debug|x86.Build.0 = Debug|Any CPU
		{E1FF741F-CBC8-4D03-B932-9FF2FF81D125}.Release|Any CPU.ActiveCfg = Release|Any CPU
		{E1FF741F-CBC8-4D03-B932-9FF2FF81D125}.Release|Any CPU.Build.0 = Release|Any CPU
		{E1FF741F-CBC8-4D03-B932-9FF2FF81D125}.Release|x64.ActiveCfg = Release|Any CPU
		{E1FF741F-CBC8-4D03-B932-9FF2FF81D125}.Release|x64.Build.0 = Release|Any CPU
		{E1FF741F-CBC8-4D03-B932-9FF2FF81D125}.Release|x86.ActiveCfg = Release|Any CPU
		{E1FF741F-CBC8-4D03-B932-9FF2FF81D125}.Release|x86.Build.0 = Release|Any CPU
		{553FF36C-3900-41BB-AD9F-19DFFBE1FB32}.Debug|Any CPU.ActiveCfg = Debug|Any CPU
		{553FF36C-3900-41BB-AD9F-19DFFBE1FB32}.Debug|Any CPU.Build.0 = Debug|Any CPU
		{553FF36C-3900-41BB-AD9F-19DFFBE1FB32}.Debug|x64.ActiveCfg = Debug|Any CPU
		{553FF36C-3900-41BB-AD9F-19DFFBE1FB32}.Debug|x64.Build.0 = Debug|Any CPU
		{553FF36C-3900-41BB-AD9F-19DFFBE1FB32}.Debug|x86.ActiveCfg = Debug|Any CPU
		{553FF36C-3900-41BB-AD9F-19DFFBE1FB32}.Debug|x86.Build.0 = Debug|Any CPU
		{553FF36C-3900-41BB-AD9F-19DFFBE1FB32}.Release|Any CPU.ActiveCfg = Release|Any CPU
		{553FF36C-3900-41BB-AD9F-19DFFBE1FB32}.Release|Any CPU.Build.0 = Release|Any CPU
		{553FF36C-3900-41BB-AD9F-19DFFBE1FB32}.Release|x64.ActiveCfg = Release|Any CPU
		{553FF36C-3900-41BB-AD9F-19DFFBE1FB32}.Release|x64.Build.0 = Release|Any CPU
		{553FF36C-3900-41BB-AD9F-19DFFBE1FB32}.Release|x86.ActiveCfg = Release|Any CPU
		{553FF36C-3900-41BB-AD9F-19DFFBE1FB32}.Release|x86.Build.0 = Release|Any CPU
	EndGlobalSection
	GlobalSection(SolutionProperties) = preSolution
		HideSolutionNode = FALSE
	EndGlobalSection
	GlobalSection(ExtensibilityGlobals) = postSolution
		SolutionGuid = {1444F774-6BEF-4446-A232-9F7465FA9813}
	EndGlobalSection
EndGlobal
